
Microsoft Visual Studio Solution File, Format Version 11.00
# Visual Studio 2010
Project("{FAE04EC0-301F-11D3-BF4B-00C04F79EFBC}") = "Fasterflect", "Fasterflect.csproj", "{FDF54936-A188-45B1-B482-632DA23DB0B0}"
EndProject
Project("{FAE04EC0-301F-11D3-BF4B-00C04F79EFBC}") = "FasterflectBenchmark", "..\FasterflectBenchmark\FasterflectBenchmark.csproj", "{6AA6E3DF-285F-499A-B392-0B2510D0D497}"
EndProject
Project("{FAE04EC0-301F-11D3-BF4B-00C04F79EFBC}") = "FasterflectTest", "..\FasterflectTest\FasterflectTest.csproj", "{5D173B59-4C94-433C-8068-464EBABDE593}"
EndProject
Project("{FAE04EC0-301F-11D3-BF4B-00C04F79EFBC}") = "FasterflectSample", "..\FasterflectSample\FasterflectSample.csproj", "{4A6052E6-7583-40BA-9AF5-13EEAF419BF0}"
EndProject
Project("{2150E333-8FDC-42A3-9474-1A3956D46DE8}") = "Solution Items", "Solution Items", "{868A7FE8-4214-4A23-9C42-2BC087BCB5F7}"
EndProject
Global
	GlobalSection(SubversionScc) = preSolution
		Svn-Managed = True
		Manager = AnkhSVN - Subversion Support for Visual Studio
	EndGlobalSection
	GlobalSection(SolutionConfigurationPlatforms) = preSolution
		Debug|Any CPU = Debug|Any CPU
		Release|Any CPU = Release|Any CPU
	EndGlobalSection
	GlobalSection(ProjectConfigurationPlatforms) = postSolution
		{FDF54936-A188-45B1-B482-632DA23DB0B0}.Debug|Any CPU.ActiveCfg = Debug|Any CPU
		{FDF54936-A188-45B1-B482-632DA23DB0B0}.Debug|Any CPU.Build.0 = Debug|Any CPU
		{FDF54936-A188-45B1-B482-632DA23DB0B0}.Release|Any CPU.ActiveCfg = Release|Any CPU
		{FDF54936-A188-45B1-B482-632DA23DB0B0}.Release|Any CPU.Build.0 = Release|Any CPU
		{6AA6E3DF-285F-499A-B392-0B2510D0D497}.Debug|Any CPU.ActiveCfg = Debug|Any CPU
		{6AA6E3DF-285F-499A-B392-0B2510D0D497}.Debug|Any CPU.Build.0 = Debug|Any CPU
		{6AA6E3DF-285F-499A-B392-0B2510D0D497}.Release|Any CPU.ActiveCfg = Release|Any CPU
		{6AA6E3DF-285F-499A-B392-0B2510D0D497}.Release|Any CPU.Build.0 = Release|Any CPU
		{5D173B59-4C94-433C-8068-464EBABDE593}.Debug|Any CPU.ActiveCfg = Debug|Any CPU
		{5D173B59-4C94-433C-8068-464EBABDE593}.Debug|Any CPU.Build.0 = Debug|Any CPU
		{5D173B59-4C94-433C-8068-464EBABDE593}.Release|Any CPU.ActiveCfg = Release|Any CPU
		{5D173B59-4C94-433C-8068-464EBABDE593}.Release|Any CPU.Build.0 = Release|Any CPU
		{4A6052E6-7583-40BA-9AF5-13EEAF419BF0}.Debug|Any CPU.ActiveCfg = Debug|Any CPU
		{4A6052E6-7583-40BA-9AF5-13EEAF419BF0}.Debug|Any CPU.Build.0 = Debug|Any CPU
		{4A6052E6-7583-40BA-9AF5-13EEAF419BF0}.Release|Any CPU.ActiveCfg = Release|Any CPU
		{4A6052E6-7583-40BA-9AF5-13EEAF419BF0}.Release|Any CPU.Build.0 = Release|Any CPU
	EndGlobalSection
	GlobalSection(SolutionProperties) = preSolution
		HideSolutionNode = FALSE
	EndGlobalSection
EndGlobal
